
Microsoft Visual Studio Solution File, Format Version 12.00
# Visual Studio Version 17
VisualStudioVersion = 17.10.35122.118
MinimumVisualStudioVersion = 10.0.40219.1
Project("{FAE04EC0-301F-11D3-BF4B-00C04F79EFBC}") = "AbelLethalHelper", "AbelLethalHelper.csproj", "{4020DF12-D0BC-487D-8AE9-B2D21D701B04}"
EndProject
Global
	GlobalSection(SolutionConfigurationPlatforms) = preSolution
		Debug|Any CPU = Debug|Any CPU
		Release|Any CPU = Release|Any CPU
	EndGlobalSection
	GlobalSection(ProjectConfigurationPlatforms) = postSolution
		{4020DF12-D0BC-487D-8AE9-B2D21D701B04}.Debug|Any CPU.ActiveCfg = Debug|Any CPU
		{4020DF12-D0BC-487D-8AE9-B2D21D701B04}.Debug|Any CPU.Build.0 = Debug|Any CPU
		{4020DF12-D0BC-487D-8AE9-B2D21D701B04}.Release|Any CPU.ActiveCfg = Release|Any CPU
		{4020DF12-D0BC-487D-8AE9-B2D21D701B04}.Release|Any CPU.Build.0 = Release|Any CPU
	EndGlobalSection
	GlobalSection(SolutionProperties) = preSolution
		HideSolutionNode = FALSE
	EndGlobalSection
	GlobalSection(ExtensibilityGlobals) = postSolution
		SolutionGuid = {05C1B40D-F24C-4484-95B8-7CF100602299}
	EndGlobalSection
EndGlobal
